{
  "version": "3",
  "packages": {
    "specifiers": {
      "jsr:@supabase/supabase-js@2": "jsr:@supabase/supabase-js@2.45.1",
      "npm:@supabase/auth-js@2.64.4": "npm:@supabase/auth-js@2.64.4",
      "npm:@supabase/functions-js@2.4.1": "npm:@supabase/functions-js@2.4.1",
      "npm:@supabase/node-fetch@2.6.15": "npm:@supabase/node-fetch@2.6.15",
      "npm:@supabase/postgrest-js@1.15.8": "npm:@supabase/postgrest-js@1.15.8",
      "npm:@supabase/realtime-js@2.10.2": "npm:@supabase/realtime-js@2.10.2",
      "npm:@supabase/storage-js@2.6.0": "npm:@supabase/storage-js@2.6.0",
      "npm:@types/bluebird": "npm:@types/bluebird@3.5.42",
      "npm:@types/node": "npm:@types/node@18.16.19",
      "npm:bluebird": "npm:bluebird@3.7.2",
      "npm:zod": "npm:zod@3.23.8"
    },
    "jsr": {
      "@supabase/supabase-js@2.45.1": {
        "integrity": "6a11880b2a83facb69debd2862afbaab2ad560205eee3dec6499602785ca7491",
        "dependencies": [
          "npm:@supabase/auth-js@2.64.4",
          "npm:@supabase/functions-js@2.4.1",
          "npm:@supabase/node-fetch@2.6.15",
          "npm:@supabase/postgrest-js@1.15.8",
          "npm:@supabase/realtime-js@2.10.2",
          "npm:@supabase/storage-js@2.6.0"
        ]
      }
    },
    "npm": {
      "@supabase/auth-js@2.64.4": {
        "integrity": "sha512-9ITagy4WP4FLl+mke1rchapOH0RQpf++DI+WSG2sO1OFOZ0rW3cwAM0nCrMOxu+Zw4vJ4zObc08uvQrXx590Tg==",
        "dependencies": {
          "@supabase/node-fetch": "@supabase/node-fetch@2.6.15"
        }
      },
      "@supabase/functions-js@2.4.1": {
        "integrity": "sha512-8sZ2ibwHlf+WkHDUZJUXqqmPvWQ3UHN0W30behOJngVh/qHHekhJLCFbh0AjkE9/FqqXtf9eoVvmYgfCLk5tNA==",
        "dependencies": {
          "@supabase/node-fetch": "@supabase/node-fetch@2.6.15"
        }
      },
      "@supabase/node-fetch@2.6.15": {
        "integrity": "sha512-1ibVeYUacxWYi9i0cf5efil6adJ9WRyZBLivgjs+AUpewx1F3xPi7gLgaASI2SmIQxPoCEjAsLAzKPgMJVgOUQ==",
        "dependencies": {
          "whatwg-url": "whatwg-url@5.0.0"
        }
      },
      "@supabase/postgrest-js@1.15.8": {
        "integrity": "sha512-YunjXpoQjQ0a0/7vGAvGZA2dlMABXFdVI/8TuVKtlePxyT71sl6ERl6ay1fmIeZcqxiuFQuZw/LXUuStUG9bbg==",
        "dependencies": {
          "@supabase/node-fetch": "@supabase/node-fetch@2.6.15"
        }
      },
      "@supabase/realtime-js@2.10.2": {
        "integrity": "sha512-qyCQaNg90HmJstsvr2aJNxK2zgoKh9ZZA8oqb7UT2LCh3mj9zpa3Iwu167AuyNxsxrUE8eEJ2yH6wLCij4EApA==",
        "dependencies": {
          "@supabase/node-fetch": "@supabase/node-fetch@2.6.15",
          "@types/phoenix": "@types/phoenix@1.6.5",
          "@types/ws": "@types/ws@8.5.12",
          "ws": "ws@8.18.0"
        }
      },
      "@supabase/storage-js@2.6.0": {
        "integrity": "sha512-REAxr7myf+3utMkI2oOmZ6sdplMZZ71/2NEIEMBZHL9Fkmm3/JnaOZVSRqvG4LStYj2v5WhCruCzuMn6oD/Drw==",
        "dependencies": {
          "@supabase/node-fetch": "@supabase/node-fetch@2.6.15"
        }
      },
      "@types/bluebird@3.5.42": {
        "integrity": "sha512-Jhy+MWRlro6UjVi578V/4ZGNfeCOcNCp0YaFNIUGFKlImowqwb1O/22wDVk3FDGMLqxdpOV3qQHD5fPEH4hK6A==",
        "dependencies": {}
      },
      "@types/node@18.16.19": {
        "integrity": "sha512-IXl7o+R9iti9eBW4Wg2hx1xQDig183jj7YLn8F7udNceyfkbn1ZxmzZXuak20gR40D7pIkIY1kYGx5VIGbaHKA==",
        "dependencies": {}
      },
      "@types/phoenix@1.6.5": {
        "integrity": "sha512-xegpDuR+z0UqG9fwHqNoy3rI7JDlvaPh2TY47Fl80oq6g+hXT+c/LEuE43X48clZ6lOfANl5WrPur9fYO1RJ/w==",
        "dependencies": {}
      },
      "@types/ws@8.5.12": {
        "integrity": "sha512-3tPRkv1EtkDpzlgyKyI8pGsGZAGPEaXeu0DOj5DI25Ja91bdAYddYHbADRYVrZMRbfW+1l5YwXVDKohDJNQxkQ==",
        "dependencies": {
          "@types/node": "@types/node@18.16.19"
        }
      },
      "bluebird@3.7.2": {
        "integrity": "sha512-XpNj6GDQzdfW+r2Wnn7xiSAd7TM3jzkxGXBGTtWKuSXv1xUV+azxAm8jdWZN06QTQk+2N2XB9jRDkvbmQmcRtg==",
        "dependencies": {}
      },
      "tr46@0.0.3": {
        "integrity": "sha512-N3WMsuqV66lT30CrXNbEjx4GEwlow3v6rr4mCcv6prnfwhS01rkgyFdjPNBYd9br7LpXV1+Emh01fHnq2Gdgrw==",
        "dependencies": {}
      },
      "webidl-conversions@3.0.1": {
        "integrity": "sha512-2JAn3z8AR6rjK8Sm8orRC0h/bcl/DqL7tRPdGZ4I1CjdF+EaMLmYxBHyXuKL849eucPFhvBoxMsflfOb8kxaeQ==",
        "dependencies": {}
      },
      "whatwg-url@5.0.0": {
        "integrity": "sha512-saE57nupxk6v3HY35+jzBwYa0rKSy0XR8JSxZPwgLr7ys0IBzhGviA1/TUGJLmSVqs8pb9AnvICXEuOHLprYTw==",
        "dependencies": {
          "tr46": "tr46@0.0.3",
          "webidl-conversions": "webidl-conversions@3.0.1"
        }
      },
      "ws@8.18.0": {
        "integrity": "sha512-8VbfWfHLbbwu3+N6OKsOMpBdT4kXPDDB9cJk2bJ6mh9ucxdlnNvH1e+roYkKmN9Nxw2yjz7VzeO9oOz2zJ04Pw==",
        "dependencies": {}
      },
      "zod@3.23.8": {
        "integrity": "sha512-XBx9AXhXktjUqnepgTiE5flcKIYWi/rme0Eaj+5Y0lftuGBq+jyRu/md4WnuxqgP1ubdpNCsYEYPxrzVHD8d6g==",
        "dependencies": {}
      }
    }
  },
  "redirects": {
    "https://esm.sh/@supabase/functions-js/src/edge-runtime.d.ts": "https://esm.sh/@supabase/functions-js@2.4.3/src/edge-runtime.d.ts",
    "https://esm.sh/@supabase/functions-js@2.4.3/src/edge-runtime.d.ts": "https://esm.sh/v135/@supabase/functions-js@2.4.3/src/edge-runtime.d.ts",
    "https://esm.sh/date-fns/differenceInCalendarDays.mjs": "https://esm.sh/date-fns@3.6.0/differenceInCalendarDays.mjs"
  },
  "remote": {
    "https://esm.sh/date-fns@3.6.0/differenceInCalendarDays.mjs": "a2fcf26cd90372f63005247e330d99fd3ce50799682cf483afd82903b34b616a",
    "https://esm.sh/v135/date-fns@3.6.0/denonext/differenceInCalendarDays.js": "c6a8f19cfe2ca0c8e68f9645f109d115f0c7c128e2b247f257df5aed4dc795e3"
  }
}
